
Microsoft Visual Studio Solution File, Format Version 12.00
# Visual Studio Version 16
VisualStudioVersion = 16.0.30204.135
MinimumVisualStudioVersion = 10.0.40219.1
Project("{FAE04EC0-301F-11D3-BF4B-00C04F79EFBC}") = "Fasserly.Database", "Fasserly.Database\Fasserly.Database.csproj", "{160CA664-8832-4607-A7D2-E70BCDCE2C2A}"
EndProject
Project("{FAE04EC0-301F-11D3-BF4B-00C04F79EFBC}") = "Fasserly.Infrastructure", "Fasserly.Infrastructure\Fasserly.Infrastructure.csproj", "{DFCF2E19-C08D-40DA-9FAC-C8CFFCF744BC}"
EndProject
Project("{FAE04EC0-301F-11D3-BF4B-00C04F79EFBC}") = "Fasserly.Migrator", "Fasserly.Migrator\Fasserly.Migrator.csproj", "{C62F965D-F3E1-41E1-94CE-C32B82AB0E34}"
EndProject
Project("{FAE04EC0-301F-11D3-BF4B-00C04F79EFBC}") = "Fasserly.UnitTests", "Fasserly.UnitTests\Fasserly.UnitTests.csproj", "{2A88E841-3969-4BC8-82FC-A2B7261D3F61}"
EndProject
Project("{151D2E53-A2C4-4D7D-83FE-D05416EBD58E}") = "Fasserly.Privisionning", "Fasserly.Privisionning\Fasserly.Privisionning.deployproj", "{C68338DA-62DE-4EB0-B122-3190A908E6E1}"
EndProject
Project("{FAE04EC0-301F-11D3-BF4B-00C04F79EFBC}") = "Fasserly.WebUI", "Fasserly.WebUI\Fasserly.WebUI.csproj", "{0319323F-3284-46DA-BFE3-71F3F6E093B8}"
EndProject
Global
	GlobalSection(SolutionConfigurationPlatforms) = preSolution
		Debug|Any CPU = Debug|Any CPU
		Release|Any CPU = Release|Any CPU
	EndGlobalSection
	GlobalSection(ProjectConfigurationPlatforms) = postSolution
		{160CA664-8832-4607-A7D2-E70BCDCE2C2A}.Debug|Any CPU.ActiveCfg = Debug|Any CPU
		{160CA664-8832-4607-A7D2-E70BCDCE2C2A}.Debug|Any CPU.Build.0 = Debug|Any CPU
		{160CA664-8832-4607-A7D2-E70BCDCE2C2A}.Release|Any CPU.ActiveCfg = Release|Any CPU
		{160CA664-8832-4607-A7D2-E70BCDCE2C2A}.Release|Any CPU.Build.0 = Release|Any CPU
		{DFCF2E19-C08D-40DA-9FAC-C8CFFCF744BC}.Debug|Any CPU.ActiveCfg = Debug|Any CPU
		{DFCF2E19-C08D-40DA-9FAC-C8CFFCF744BC}.Debug|Any CPU.Build.0 = Debug|Any CPU
		{DFCF2E19-C08D-40DA-9FAC-C8CFFCF744BC}.Release|Any CPU.ActiveCfg = Release|Any CPU
		{DFCF2E19-C08D-40DA-9FAC-C8CFFCF744BC}.Release|Any CPU.Build.0 = Release|Any CPU
		{C62F965D-F3E1-41E1-94CE-C32B82AB0E34}.Debug|Any CPU.ActiveCfg = Debug|Any CPU
		{C62F965D-F3E1-41E1-94CE-C32B82AB0E34}.Debug|Any CPU.Build.0 = Debug|Any CPU
		{C62F965D-F3E1-41E1-94CE-C32B82AB0E34}.Release|Any CPU.ActiveCfg = Release|Any CPU
		{C62F965D-F3E1-41E1-94CE-C32B82AB0E34}.Release|Any CPU.Build.0 = Release|Any CPU
		{2A88E841-3969-4BC8-82FC-A2B7261D3F61}.Debug|Any CPU.ActiveCfg = Debug|Any CPU
		{2A88E841-3969-4BC8-82FC-A2B7261D3F61}.Debug|Any CPU.Build.0 = Debug|Any CPU
		{2A88E841-3969-4BC8-82FC-A2B7261D3F61}.Release|Any CPU.ActiveCfg = Release|Any CPU
		{2A88E841-3969-4BC8-82FC-A2B7261D3F61}.Release|Any CPU.Build.0 = Release|Any CPU
		{C68338DA-62DE-4EB0-B122-3190A908E6E1}.Debug|Any CPU.ActiveCfg = Debug|Any CPU
		{C68338DA-62DE-4EB0-B122-3190A908E6E1}.Debug|Any CPU.Build.0 = Debug|Any CPU
		{C68338DA-62DE-4EB0-B122-3190A908E6E1}.Release|Any CPU.ActiveCfg = Release|Any CPU
		{C68338DA-62DE-4EB0-B122-3190A908E6E1}.Release|Any CPU.Build.0 = Release|Any CPU
		{0319323F-3284-46DA-BFE3-71F3F6E093B8}.Debug|Any CPU.ActiveCfg = Debug|Any CPU
		{0319323F-3284-46DA-BFE3-71F3F6E093B8}.Debug|Any CPU.Build.0 = Debug|Any CPU
		{0319323F-3284-46DA-BFE3-71F3F6E093B8}.Release|Any CPU.ActiveCfg = Release|Any CPU
		{0319323F-3284-46DA-BFE3-71F3F6E093B8}.Release|Any CPU.Build.0 = Release|Any CPU
	EndGlobalSection
	GlobalSection(SolutionProperties) = preSolution
		HideSolutionNode = FALSE
	EndGlobalSection
	GlobalSection(ExtensibilityGlobals) = postSolution
		SolutionGuid = {A0F4F7C3-2481-4668-A568-0F2FC5657218}
	EndGlobalSection
EndGlobal
